{
  "nodes": {
    "nixpkgs": {
      "locked": {
        "lastModified": 1734695299,
        "narHash": "sha256-pHX2nKtq6UpR76zhYoo8hP8pLc6dQmi5u0V9LLu0bDU=",
        "owner": "bzizou",
        "repo": "nixpkgs",
        "rev": "a33463999d9599a0c339f9df7a7ff31c39d1b799",
        "type": "github"
      },
      "original": {
        "owner": "bzizou",
        "repo": "nixpkgs",
        "rev": "a33463999d9599a0c339f9df7a7ff31c39d1b799",
        "type": "github"
      }
    },
    "root": {
      "inputs": {
        "nixpkgs": "nixpkgs"
      }
    }
  },
  "root": "root",
  "version": 7
}
